{
  "name": "@hackerlog/web-sdk",
  "version": "1.0.0",
  "lockfileVersion": 1,
  "requires": true,
  "dependencies": {
    "@types/node": {
      "version": "8.10.23",
      "resolved": "https://registry.npmjs.org/@types/node/-/node-8.10.23.tgz",
      "integrity": "sha512-aEp5ZTLr4mYhR9S85cJ+sEYkcsgFY10N1Si5m49iTAVzanZXOwp/pgw6ibFLKXxpflqm71aSWZCRtnTXXO56gA==",
      "dev": true
    },
    "typescript": {
      "version": "2.9.2",
      "resolved": "https://registry.npmjs.org/typescript/-/typescript-2.9.2.tgz",
      "integrity": "sha512-Gr4p6nFNaoufRIY4NMdpQRNmgxVIGMs4Fcu/ujdYk3nAZqk7supzBE9idmvfZIlH/Cuj//dvi+019qEue9lV0w==",
      "dev": true
    }
  }
}
